{
  "R": {
    "Version": "4.4.0",
    "Repositories": [
      {
        "Name": "CRAN",
        "URL": "https://cloud.r-project.org"
      }
    ]
  },
  "Packages": {
    "renv": {
      "Package": "renv",
      "Version": "1.0.7",
      "Source": "Repository",
      "Repository": "CRAN"
    },
    "tidyverse": {
      "Package": "tidyverse",
      "Version": "2.0.0",
      "Source": "Repository",
      "Repository": "CRAN"
    },
    "lubridate": {
      "Package": "lubridate",
      "Version": "1.9.3",
      "Source": "Repository",
      "Repository": "CRAN"
    },
    "zoo": {
      "Package": "zoo",
      "Version": "1.8-12",
      "Source": "Repository",
      "Repository": "CRAN"
    },
    "changepoint": {
      "Package": "changepoint",
      "Version": "2.3",
      "Source": "Repository",
      "Repository": "CRAN"
    },
    "dtw": {
      "Package": "dtw",
      "Version": "1.23-1",
      "Source": "Repository",
      "Repository": "CRAN"
    },
    "eurostat": {
      "Package": "eurostat",
      "Version": "4.0.0",
      "Source": "Repository",
      "Repository": "CRAN"
    },
    "WDI": {
      "Package": "WDI",
      "Version": "2.7.8",
      "Source": "Repository",
      "Repository": "CRAN"
    },
    "haven": {
      "Package": "haven",
      "Version": "2.5.4",
      "Source": "Repository",
      "Repository": "CRAN"
    },
    "NbClust": {
      "Package": "NbClust",
      "Version": "3.0.1",
      "Source": "Repository",
      "Repository": "CRAN"
    },
    "factoextra": {
      "Package": "factoextra",
      "Version": "1.0.7",
      "Source": "Repository",
      "Repository": "CRAN"
    },
    "cluster": {
      "Package": "cluster",
      "Version": "2.1.6",
      "Source": "Repository",
      "Repository": "CRAN"
    },
    "mclust": {
      "Package": "mclust",
      "Version": "6.1",
      "Source": "Repository",
      "Repository": "CRAN"
    },
    "geosphere": {
      "Package": "geosphere",
      "Version": "1.5-18",
      "Source": "Repository",
      "Repository": "CRAN"
    }
  }
}
